
Microsoft Visual Studio Solution File, Format Version 12.00
# Visual Studio Version 16
VisualStudioVersion = 16.0.29123.88
MinimumVisualStudioVersion = 10.0.40219.1
Project("{FAE04EC0-301F-11D3-BF4B-00C04F79EFBC}") = "QuickBuy.Dominio", "QuickBuy.Dominio\QuickBuy.Dominio.csproj", "{1F57DF45-F0F3-4176-97E5-02C2DBCDB760}"
EndProject
Project("{FAE04EC0-301F-11D3-BF4B-00C04F79EFBC}") = "QuickBuy.Repositorio", "QuickBuy.Repositorio\QuickBuy.Repositorio.csproj", "{59BE6021-0B73-45B6-8C0B-48A35AF9137C}"
EndProject
Project("{FAE04EC0-301F-11D3-BF4B-00C04F79EFBC}") = "QuickBuy.Web", "QuickBuy.Web\QuickBuy.Web.csproj", "{4E538C78-2FB0-4C4F-B0C5-3A3283E6A99F}"
EndProject
Global
	GlobalSection(SolutionConfigurationPlatforms) = preSolution
		Debug|Any CPU = Debug|Any CPU
		Release|Any CPU = Release|Any CPU
	EndGlobalSection
	GlobalSection(ProjectConfigurationPlatforms) = postSolution
		{1F57DF45-F0F3-4176-97E5-02C2DBCDB760}.Debug|Any CPU.ActiveCfg = Debug|Any CPU
		{1F57DF45-F0F3-4176-97E5-02C2DBCDB760}.Debug|Any CPU.Build.0 = Debug|Any CPU
		{1F57DF45-F0F3-4176-97E5-02C2DBCDB760}.Release|Any CPU.ActiveCfg = Release|Any CPU
		{1F57DF45-F0F3-4176-97E5-02C2DBCDB760}.Release|Any CPU.Build.0 = Release|Any CPU
		{59BE6021-0B73-45B6-8C0B-48A35AF9137C}.Debug|Any CPU.ActiveCfg = Debug|Any CPU
		{59BE6021-0B73-45B6-8C0B-48A35AF9137C}.Debug|Any CPU.Build.0 = Debug|Any CPU
		{59BE6021-0B73-45B6-8C0B-48A35AF9137C}.Release|Any CPU.ActiveCfg = Release|Any CPU
		{59BE6021-0B73-45B6-8C0B-48A35AF9137C}.Release|Any CPU.Build.0 = Release|Any CPU
		{4E538C78-2FB0-4C4F-B0C5-3A3283E6A99F}.Debug|Any CPU.ActiveCfg = Debug|Any CPU
		{4E538C78-2FB0-4C4F-B0C5-3A3283E6A99F}.Debug|Any CPU.Build.0 = Debug|Any CPU
		{4E538C78-2FB0-4C4F-B0C5-3A3283E6A99F}.Release|Any CPU.ActiveCfg = Release|Any CPU
		{4E538C78-2FB0-4C4F-B0C5-3A3283E6A99F}.Release|Any CPU.Build.0 = Release|Any CPU
	EndGlobalSection
	GlobalSection(SolutionProperties) = preSolution
		HideSolutionNode = FALSE
	EndGlobalSection
	GlobalSection(ExtensibilityGlobals) = postSolution
		SolutionGuid = {53F9E103-7A73-43A0-A413-2443188BAB99}
	EndGlobalSection
EndGlobal
